
Microsoft Visual Studio Solution File, Format Version 12.00
# Visual Studio Version 17
VisualStudioVersion = 17.8.34601.278
MinimumVisualStudioVersion = 10.0.40219.1
Project("{FAE04EC0-301F-11D3-BF4B-00C04F79EFBC}") = "Destructors", "Destructors\Destructors.csproj", "{D88B35EE-7DF5-4645-AA27-A25BAAE5DBF6}"
EndProject
Global
	GlobalSection(SolutionConfigurationPlatforms) = preSolution
		Debug|Any CPU = Debug|Any CPU
		Release|Any CPU = Release|Any CPU
	EndGlobalSection
	GlobalSection(ProjectConfigurationPlatforms) = postSolution
		{D88B35EE-7DF5-4645-AA27-A25BAAE5DBF6}.Debug|Any CPU.ActiveCfg = Debug|Any CPU
		{D88B35EE-7DF5-4645-AA27-A25BAAE5DBF6}.Debug|Any CPU.Build.0 = Debug|Any CPU
		{D88B35EE-7DF5-4645-AA27-A25BAAE5DBF6}.Release|Any CPU.ActiveCfg = Release|Any CPU
		{D88B35EE-7DF5-4645-AA27-A25BAAE5DBF6}.Release|Any CPU.Build.0 = Release|Any CPU
	EndGlobalSection
	GlobalSection(SolutionProperties) = preSolution
		HideSolutionNode = FALSE
	EndGlobalSection
	GlobalSection(ExtensibilityGlobals) = postSolution
		SolutionGuid = {8D75128D-0259-40A2-9F39-5B6F545F0DA0}
	EndGlobalSection
EndGlobal
