
Microsoft Visual Studio Solution File, Format Version 12.00
# Visual Studio Version 17
VisualStudioVersion = 17.8.34601.278
MinimumVisualStudioVersion = 10.0.40219.1
Project("{FAE04EC0-301F-11D3-BF4B-00C04F79EFBC}") = "Encapsulasion Using Properties", "Encapsulasion Using Properties\Encapsulasion Using Properties.csproj", "{3C6B626C-7156-413C-8747-966ED2DB64FB}"
EndProject
Global
	GlobalSection(SolutionConfigurationPlatforms) = preSolution
		Debug|Any CPU = Debug|Any CPU
		Release|Any CPU = Release|Any CPU
	EndGlobalSection
	GlobalSection(ProjectConfigurationPlatforms) = postSolution
		{3C6B626C-7156-413C-8747-966ED2DB64FB}.Debug|Any CPU.ActiveCfg = Debug|Any CPU
		{3C6B626C-7156-413C-8747-966ED2DB64FB}.Debug|Any CPU.Build.0 = Debug|Any CPU
		{3C6B626C-7156-413C-8747-966ED2DB64FB}.Release|Any CPU.ActiveCfg = Release|Any CPU
		{3C6B626C-7156-413C-8747-966ED2DB64FB}.Release|Any CPU.Build.0 = Release|Any CPU
	EndGlobalSection
	GlobalSection(SolutionProperties) = preSolution
		HideSolutionNode = FALSE
	EndGlobalSection
	GlobalSection(ExtensibilityGlobals) = postSolution
		SolutionGuid = {1298613E-8446-4FE2-8AC6-ED86A2AB493E}
	EndGlobalSection
EndGlobal
