
Microsoft Visual Studio Solution File, Format Version 12.00
# Visual Studio Version 17
VisualStudioVersion = 17.8.34511.84
MinimumVisualStudioVersion = 10.0.40219.1
Project("{FAE04EC0-301F-11D3-BF4B-00C04F79EFBC}") = "constructor", "classes_and_objects\constructor.csproj", "{ECC4893D-02FF-4C12-B4C0-744BC5DF66A4}"
EndProject
Global
	GlobalSection(SolutionConfigurationPlatforms) = preSolution
		Debug|Any CPU = Debug|Any CPU
		Release|Any CPU = Release|Any CPU
	EndGlobalSection
	GlobalSection(ProjectConfigurationPlatforms) = postSolution
		{ECC4893D-02FF-4C12-B4C0-744BC5DF66A4}.Debug|Any CPU.ActiveCfg = Debug|Any CPU
		{ECC4893D-02FF-4C12-B4C0-744BC5DF66A4}.Debug|Any CPU.Build.0 = Debug|Any CPU
		{ECC4893D-02FF-4C12-B4C0-744BC5DF66A4}.Release|Any CPU.ActiveCfg = Release|Any CPU
		{ECC4893D-02FF-4C12-B4C0-744BC5DF66A4}.Release|Any CPU.Build.0 = Release|Any CPU
	EndGlobalSection
	GlobalSection(SolutionProperties) = preSolution
		HideSolutionNode = FALSE
	EndGlobalSection
	GlobalSection(ExtensibilityGlobals) = postSolution
		SolutionGuid = {1E120FFD-DC2C-4AEC-AEC8-5ADAFDB25DFC}
	EndGlobalSection
EndGlobal
