
Microsoft Visual Studio Solution File, Format Version 12.00
# Visual Studio Version 17
VisualStudioVersion = 17.8.34601.278
MinimumVisualStudioVersion = 10.0.40219.1
Project("{FAE04EC0-301F-11D3-BF4B-00C04F79EFBC}") = "Encapsulation", "Encapsulation\Encapsulation.csproj", "{05F19116-B167-4FEF-AAE1-CA320833BB4C}"
EndProject
Global
	GlobalSection(SolutionConfigurationPlatforms) = preSolution
		Debug|Any CPU = Debug|Any CPU
		Release|Any CPU = Release|Any CPU
	EndGlobalSection
	GlobalSection(ProjectConfigurationPlatforms) = postSolution
		{05F19116-B167-4FEF-AAE1-CA320833BB4C}.Debug|Any CPU.ActiveCfg = Debug|Any CPU
		{05F19116-B167-4FEF-AAE1-CA320833BB4C}.Debug|Any CPU.Build.0 = Debug|Any CPU
		{05F19116-B167-4FEF-AAE1-CA320833BB4C}.Release|Any CPU.ActiveCfg = Release|Any CPU
		{05F19116-B167-4FEF-AAE1-CA320833BB4C}.Release|Any CPU.Build.0 = Release|Any CPU
	EndGlobalSection
	GlobalSection(SolutionProperties) = preSolution
		HideSolutionNode = FALSE
	EndGlobalSection
	GlobalSection(ExtensibilityGlobals) = postSolution
		SolutionGuid = {94BFF9AB-5DD9-4F96-AB95-CDF7402F7621}
	EndGlobalSection
EndGlobal
