
Microsoft Visual Studio Solution File, Format Version 12.00
# Visual Studio Version 17
VisualStudioVersion = 17.8.34601.278
MinimumVisualStudioVersion = 10.0.40219.1
Project("{FAE04EC0-301F-11D3-BF4B-00C04F79EFBC}") = "Method_Hiding_in_Inheritance", "Method_Hiding_in_Inheritance\Method_Hiding_in_Inheritance.csproj", "{B322CF9D-61E7-4BC2-B41A-382185899D48}"
EndProject
Global
	GlobalSection(SolutionConfigurationPlatforms) = preSolution
		Debug|Any CPU = Debug|Any CPU
		Release|Any CPU = Release|Any CPU
	EndGlobalSection
	GlobalSection(ProjectConfigurationPlatforms) = postSolution
		{B322CF9D-61E7-4BC2-B41A-382185899D48}.Debug|Any CPU.ActiveCfg = Debug|Any CPU
		{B322CF9D-61E7-4BC2-B41A-382185899D48}.Debug|Any CPU.Build.0 = Debug|Any CPU
		{B322CF9D-61E7-4BC2-B41A-382185899D48}.Release|Any CPU.ActiveCfg = Release|Any CPU
		{B322CF9D-61E7-4BC2-B41A-382185899D48}.Release|Any CPU.Build.0 = Release|Any CPU
	EndGlobalSection
	GlobalSection(SolutionProperties) = preSolution
		HideSolutionNode = FALSE
	EndGlobalSection
	GlobalSection(ExtensibilityGlobals) = postSolution
		SolutionGuid = {29F15429-2EC9-453B-8F65-614E0952506A}
	EndGlobalSection
EndGlobal
