
Microsoft Visual Studio Solution File, Format Version 12.00
# Visual Studio Version 17
VisualStudioVersion = 17.8.34511.84
MinimumVisualStudioVersion = 10.0.40219.1
Project("{FAE04EC0-301F-11D3-BF4B-00C04F79EFBC}") = "Static Class", "Static Class\Static Class.csproj", "{96A60181-0B9C-46B3-A91E-89AC9BDA2477}"
EndProject
Global
	GlobalSection(SolutionConfigurationPlatforms) = preSolution
		Debug|Any CPU = Debug|Any CPU
		Release|Any CPU = Release|Any CPU
	EndGlobalSection
	GlobalSection(ProjectConfigurationPlatforms) = postSolution
		{96A60181-0B9C-46B3-A91E-89AC9BDA2477}.Debug|Any CPU.ActiveCfg = Debug|Any CPU
		{96A60181-0B9C-46B3-A91E-89AC9BDA2477}.Debug|Any CPU.Build.0 = Debug|Any CPU
		{96A60181-0B9C-46B3-A91E-89AC9BDA2477}.Release|Any CPU.ActiveCfg = Release|Any CPU
		{96A60181-0B9C-46B3-A91E-89AC9BDA2477}.Release|Any CPU.Build.0 = Release|Any CPU
	EndGlobalSection
	GlobalSection(SolutionProperties) = preSolution
		HideSolutionNode = FALSE
	EndGlobalSection
	GlobalSection(ExtensibilityGlobals) = postSolution
		SolutionGuid = {2538102F-1CB6-4B3E-9D1C-0BEED2402EB7}
	EndGlobalSection
EndGlobal
