
Microsoft Visual Studio Solution File, Format Version 12.00
# Visual Studio Version 17
VisualStudioVersion = 17.8.34601.278
MinimumVisualStudioVersion = 10.0.40219.1
Project("{FAE04EC0-301F-11D3-BF4B-00C04F79EFBC}") = "Operrator_OverLoading", "Operrator_OverLoading\Operrator_OverLoading.csproj", "{39DC6B85-5B04-4F36-89AC-357331130A69}"
EndProject
Global
	GlobalSection(SolutionConfigurationPlatforms) = preSolution
		Debug|Any CPU = Debug|Any CPU
		Release|Any CPU = Release|Any CPU
	EndGlobalSection
	GlobalSection(ProjectConfigurationPlatforms) = postSolution
		{39DC6B85-5B04-4F36-89AC-357331130A69}.Debug|Any CPU.ActiveCfg = Debug|Any CPU
		{39DC6B85-5B04-4F36-89AC-357331130A69}.Debug|Any CPU.Build.0 = Debug|Any CPU
		{39DC6B85-5B04-4F36-89AC-357331130A69}.Release|Any CPU.ActiveCfg = Release|Any CPU
		{39DC6B85-5B04-4F36-89AC-357331130A69}.Release|Any CPU.Build.0 = Release|Any CPU
	EndGlobalSection
	GlobalSection(SolutionProperties) = preSolution
		HideSolutionNode = FALSE
	EndGlobalSection
	GlobalSection(ExtensibilityGlobals) = postSolution
		SolutionGuid = {56ADDB42-8E7F-4071-93B5-526E26CA3A98}
	EndGlobalSection
EndGlobal
