
Microsoft Visual Studio Solution File, Format Version 12.00
# Visual Studio Version 17
VisualStudioVersion = 17.8.34601.278
MinimumVisualStudioVersion = 10.0.40219.1
Project("{FAE04EC0-301F-11D3-BF4B-00C04F79EFBC}") = "Method_OverRiding", "Method_OverRiding\Method_OverRiding.csproj", "{7F8B0827-A858-4C94-9E17-F6CE222759A9}"
EndProject
Global
	GlobalSection(SolutionConfigurationPlatforms) = preSolution
		Debug|Any CPU = Debug|Any CPU
		Release|Any CPU = Release|Any CPU
	EndGlobalSection
	GlobalSection(ProjectConfigurationPlatforms) = postSolution
		{7F8B0827-A858-4C94-9E17-F6CE222759A9}.Debug|Any CPU.ActiveCfg = Debug|Any CPU
		{7F8B0827-A858-4C94-9E17-F6CE222759A9}.Debug|Any CPU.Build.0 = Debug|Any CPU
		{7F8B0827-A858-4C94-9E17-F6CE222759A9}.Release|Any CPU.ActiveCfg = Release|Any CPU
		{7F8B0827-A858-4C94-9E17-F6CE222759A9}.Release|Any CPU.Build.0 = Release|Any CPU
	EndGlobalSection
	GlobalSection(SolutionProperties) = preSolution
		HideSolutionNode = FALSE
	EndGlobalSection
	GlobalSection(ExtensibilityGlobals) = postSolution
		SolutionGuid = {D2F118D8-C9BA-4A35-A3CD-EAB40C8C7EA3}
	EndGlobalSection
EndGlobal
