
Microsoft Visual Studio Solution File, Format Version 12.00
# Visual Studio Version 17
VisualStudioVersion = 17.8.34511.84
MinimumVisualStudioVersion = 10.0.40219.1
Project("{FAE04EC0-301F-11D3-BF4B-00C04F79EFBC}") = "COPY CONSTRUCTOR", "COPY CONSTRUCTOR\COPY CONSTRUCTOR.csproj", "{54482416-59D9-456D-B607-2239A53D13AA}"
EndProject
Global
	GlobalSection(SolutionConfigurationPlatforms) = preSolution
		Debug|Any CPU = Debug|Any CPU
		Release|Any CPU = Release|Any CPU
	EndGlobalSection
	GlobalSection(ProjectConfigurationPlatforms) = postSolution
		{54482416-59D9-456D-B607-2239A53D13AA}.Debug|Any CPU.ActiveCfg = Debug|Any CPU
		{54482416-59D9-456D-B607-2239A53D13AA}.Debug|Any CPU.Build.0 = Debug|Any CPU
		{54482416-59D9-456D-B607-2239A53D13AA}.Release|Any CPU.ActiveCfg = Release|Any CPU
		{54482416-59D9-456D-B607-2239A53D13AA}.Release|Any CPU.Build.0 = Release|Any CPU
	EndGlobalSection
	GlobalSection(SolutionProperties) = preSolution
		HideSolutionNode = FALSE
	EndGlobalSection
	GlobalSection(ExtensibilityGlobals) = postSolution
		SolutionGuid = {9E496C37-A048-4FE6-A3F8-3E3726EAABE7}
	EndGlobalSection
EndGlobal
